
Microsoft Visual Studio Solution File, Format Version 12.00
# Visual Studio Version 17
VisualStudioVersion = 17.0.31903.59
MinimumVisualStudioVersion = 10.0.40219.1
Project("{FAE04EC0-301F-11D3-BF4B-00C04F79EFBC}") = "AngelMQ", "AngelMQ\AngelMQ.csproj", "{ACDAE85B-92A3-4339-9DCE-165ED9B61C81}"
EndProject
Project("{2150E333-8FDC-42A3-9474-1A3956D46DE8}") = "Sample", "Sample", "{AA971203-7119-4987-9E61-9EAA69DEF77D}"
EndProject
Project("{FAE04EC0-301F-11D3-BF4B-00C04F79EFBC}") = "AngelMQ.Consumer", "Sample\AngelMQ.Consumer\AngelMQ.Consumer.csproj", "{821E18E0-975E-4106-A4F5-444DC1AAF436}"
EndProject
Project("{FAE04EC0-301F-11D3-BF4B-00C04F79EFBC}") = "AngelMQ.UnitTests", "AngelMQ.UnitTests\AngelMQ.UnitTests.csproj", "{7E04AD65-950E-4ED4-85AF-3BFB0998F827}"
EndProject
Global
	GlobalSection(SolutionConfigurationPlatforms) = preSolution
		Debug|Any CPU = Debug|Any CPU
		Release|Any CPU = Release|Any CPU
	EndGlobalSection
	GlobalSection(SolutionProperties) = preSolution
		HideSolutionNode = FALSE
	EndGlobalSection
	GlobalSection(ProjectConfigurationPlatforms) = postSolution
		{ACDAE85B-92A3-4339-9DCE-165ED9B61C81}.Debug|Any CPU.ActiveCfg = Debug|Any CPU
		{ACDAE85B-92A3-4339-9DCE-165ED9B61C81}.Debug|Any CPU.Build.0 = Debug|Any CPU
		{ACDAE85B-92A3-4339-9DCE-165ED9B61C81}.Release|Any CPU.ActiveCfg = Release|Any CPU
		{ACDAE85B-92A3-4339-9DCE-165ED9B61C81}.Release|Any CPU.Build.0 = Release|Any CPU
		{821E18E0-975E-4106-A4F5-444DC1AAF436}.Debug|Any CPU.ActiveCfg = Debug|Any CPU
		{821E18E0-975E-4106-A4F5-444DC1AAF436}.Debug|Any CPU.Build.0 = Debug|Any CPU
		{821E18E0-975E-4106-A4F5-444DC1AAF436}.Release|Any CPU.ActiveCfg = Release|Any CPU
		{821E18E0-975E-4106-A4F5-444DC1AAF436}.Release|Any CPU.Build.0 = Release|Any CPU
		{7E04AD65-950E-4ED4-85AF-3BFB0998F827}.Debug|Any CPU.ActiveCfg = Debug|Any CPU
		{7E04AD65-950E-4ED4-85AF-3BFB0998F827}.Debug|Any CPU.Build.0 = Debug|Any CPU
		{7E04AD65-950E-4ED4-85AF-3BFB0998F827}.Release|Any CPU.ActiveCfg = Release|Any CPU
		{7E04AD65-950E-4ED4-85AF-3BFB0998F827}.Release|Any CPU.Build.0 = Release|Any CPU
	EndGlobalSection
	GlobalSection(NestedProjects) = preSolution
		{821E18E0-975E-4106-A4F5-444DC1AAF436} = {AA971203-7119-4987-9E61-9EAA69DEF77D}
	EndGlobalSection
EndGlobal
